
Microsoft Visual Studio Solution File, Format Version 12.00
# Visual Studio Version 17
VisualStudioVersion = 17.0.31903.59
MinimumVisualStudioVersion = 10.0.40219.1
Project("{FAE04EC0-301F-11D3-BF4B-00C04F79EFBC}") = "VoucherTracker.Api", "api\VoucherTracker.Api.csproj", "{B4EE6BE0-9607-4E6C-AC8C-20ECB0F2F94E}"
EndProject
Project("{2150E333-8FDC-42A3-9474-1A3956D46DE8}") = "tests", "tests", "{C66D059A-8404-48C1-90E1-059DF604C48D}"
EndProject
Project("{FAE04EC0-301F-11D3-BF4B-00C04F79EFBC}") = "VoucherTracker.Tests", "tests\VoucherTracker.Tests\VoucherTracker.Tests.csproj", "{3EB30474-FB3E-47F9-ACBF-0B7C39EE1C45}"
EndProject
Global
	GlobalSection(SolutionConfigurationPlatforms) = preSolution
		Debug|Any CPU = Debug|Any CPU
		Release|Any CPU = Release|Any CPU
	EndGlobalSection
	GlobalSection(SolutionProperties) = preSolution
		HideSolutionNode = FALSE
	EndGlobalSection
	GlobalSection(ProjectConfigurationPlatforms) = postSolution
		{B4EE6BE0-9607-4E6C-AC8C-20ECB0F2F94E}.Debug|Any CPU.ActiveCfg = Debug|Any CPU
		{B4EE6BE0-9607-4E6C-AC8C-20ECB0F2F94E}.Debug|Any CPU.Build.0 = Debug|Any CPU
		{B4EE6BE0-9607-4E6C-AC8C-20ECB0F2F94E}.Release|Any CPU.ActiveCfg = Release|Any CPU
		{B4EE6BE0-9607-4E6C-AC8C-20ECB0F2F94E}.Release|Any CPU.Build.0 = Release|Any CPU
		{3EB30474-FB3E-47F9-ACBF-0B7C39EE1C45}.Debug|Any CPU.ActiveCfg = Debug|Any CPU
		{3EB30474-FB3E-47F9-ACBF-0B7C39EE1C45}.Debug|Any CPU.Build.0 = Debug|Any CPU
		{3EB30474-FB3E-47F9-ACBF-0B7C39EE1C45}.Release|Any CPU.ActiveCfg = Release|Any CPU
		{3EB30474-FB3E-47F9-ACBF-0B7C39EE1C45}.Release|Any CPU.Build.0 = Release|Any CPU
	EndGlobalSection
	GlobalSection(NestedProjects) = preSolution
		{3EB30474-FB3E-47F9-ACBF-0B7C39EE1C45} = {C66D059A-8404-48C1-90E1-059DF604C48D}
	EndGlobalSection
EndGlobal
